
Microsoft Visual Studio Solution File, Format Version 12.00
# Visual Studio Version 16
VisualStudioVersion = 16.0.29230.47
MinimumVisualStudioVersion = 10.0.40219.1
Project("{8BC9CEB8-8B4A-11D0-8D11-00A0C91BC942}") = "Assignment 1(2).MFF", "Assignment 1(2).MFF\Assignment 1(2).MFF.vcxproj", "{07BAB8DE-AB39-4BBC-96F1-35D6C4779328}"
EndProject
Global
	GlobalSection(SolutionConfigurationPlatforms) = preSolution
		Debug|x64 = Debug|x64
		Debug|x86 = Debug|x86
		Release|x64 = Release|x64
		Release|x86 = Release|x86
	EndGlobalSection
	GlobalSection(ProjectConfigurationPlatforms) = postSolution
		{07BAB8DE-AB39-4BBC-96F1-35D6C4779328}.Debug|x64.ActiveCfg = Debug|x64
		{07BAB8DE-AB39-4BBC-96F1-35D6C4779328}.Debug|x64.Build.0 = Debug|x64
		{07BAB8DE-AB39-4BBC-96F1-35D6C4779328}.Debug|x86.ActiveCfg = Debug|Win32
		{07BAB8DE-AB39-4BBC-96F1-35D6C4779328}.Debug|x86.Build.0 = Debug|Win32
		{07BAB8DE-AB39-4BBC-96F1-35D6C4779328}.Release|x64.ActiveCfg = Release|x64
		{07BAB8DE-AB39-4BBC-96F1-35D6C4779328}.Release|x64.Build.0 = Release|x64
		{07BAB8DE-AB39-4BBC-96F1-35D6C4779328}.Release|x86.ActiveCfg = Release|Win32
		{07BAB8DE-AB39-4BBC-96F1-35D6C4779328}.Release|x86.Build.0 = Release|Win32
	EndGlobalSection
	GlobalSection(SolutionProperties) = preSolution
		HideSolutionNode = FALSE
	EndGlobalSection
	GlobalSection(ExtensibilityGlobals) = postSolution
		SolutionGuid = {AA038828-FFB7-4ACA-B619-77C65ED6D9A9}
	EndGlobalSection
EndGlobal
